
Microsoft Visual Studio Solution File, Format Version 12.00
# Visual Studio 14
VisualStudioVersion = 14.0.23107.0
MinimumVisualStudioVersion = 10.0.40219.1
Project("{FAE04EC0-301F-11D3-BF4B-00C04F79EFBC}") = "AuditionService", "AuditionService\AuditionService.csproj", "{2170B815-262B-4605-B254-023BDCE17106}"
EndProject
Project("{FAE04EC0-301F-11D3-BF4B-00C04F79EFBC}") = "AuditionService.Tests", "AuditionService.Tests\AuditionService.Tests.csproj", "{67E17FCB-4319-4DB6-B675-E3B26A4C5D83}"
EndProject
Global
	GlobalSection(SolutionConfigurationPlatforms) = preSolution
		Debug|Any CPU = Debug|Any CPU
		Release|Any CPU = Release|Any CPU
	EndGlobalSection
	GlobalSection(ProjectConfigurationPlatforms) = postSolution
		{2170B815-262B-4605-B254-023BDCE17106}.Debug|Any CPU.ActiveCfg = Debug|Any CPU
		{2170B815-262B-4605-B254-023BDCE17106}.Debug|Any CPU.Build.0 = Debug|Any CPU
		{2170B815-262B-4605-B254-023BDCE17106}.Release|Any CPU.ActiveCfg = Release|Any CPU
		{2170B815-262B-4605-B254-023BDCE17106}.Release|Any CPU.Build.0 = Release|Any CPU
		{67E17FCB-4319-4DB6-B675-E3B26A4C5D83}.Debug|Any CPU.ActiveCfg = Debug|Any CPU
		{67E17FCB-4319-4DB6-B675-E3B26A4C5D83}.Debug|Any CPU.Build.0 = Debug|Any CPU
		{67E17FCB-4319-4DB6-B675-E3B26A4C5D83}.Release|Any CPU.ActiveCfg = Release|Any CPU
		{67E17FCB-4319-4DB6-B675-E3B26A4C5D83}.Release|Any CPU.Build.0 = Release|Any CPU
	EndGlobalSection
	GlobalSection(SolutionProperties) = preSolution
		HideSolutionNode = FALSE
	EndGlobalSection
EndGlobal
